
Microsoft Visual Studio Solution File, Format Version 12.00
# Visual Studio Version 17
VisualStudioVersion = 17.4.33403.182
MinimumVisualStudioVersion = 10.0.40219.1
Project("{FAE04EC0-301F-11D3-BF4B-00C04F79EFBC}") = "OOP_Properties", "OOP_Properties\OOP_Properties.csproj", "{C25EF45D-5907-438F-BB48-F4156CBBA406}"
EndProject
Global
	GlobalSection(SolutionConfigurationPlatforms) = preSolution
		Debug|Any CPU = Debug|Any CPU
		Release|Any CPU = Release|Any CPU
	EndGlobalSection
	GlobalSection(ProjectConfigurationPlatforms) = postSolution
		{C25EF45D-5907-438F-BB48-F4156CBBA406}.Debug|Any CPU.ActiveCfg = Debug|Any CPU
		{C25EF45D-5907-438F-BB48-F4156CBBA406}.Debug|Any CPU.Build.0 = Debug|Any CPU
		{C25EF45D-5907-438F-BB48-F4156CBBA406}.Release|Any CPU.ActiveCfg = Release|Any CPU
		{C25EF45D-5907-438F-BB48-F4156CBBA406}.Release|Any CPU.Build.0 = Release|Any CPU
	EndGlobalSection
	GlobalSection(SolutionProperties) = preSolution
		HideSolutionNode = FALSE
	EndGlobalSection
	GlobalSection(ExtensibilityGlobals) = postSolution
		SolutionGuid = {ADBAA378-CA76-4FCC-9DA1-1F0DCD21D50B}
	EndGlobalSection
EndGlobal
